{
  "version": 4,
  "terraform_version": "1.6.6",
  "serial": 5,
  "lineage": "4814114b-7b2c-da31-fb58-1f756f8aed65",
  "outputs": {},
  "resources": [
    {
      "mode": "managed",
      "type": "azurerm_resource_group",
      "name": "rg",
      "provider": "provider[\"registry.terraform.io/hashicorp/azurerm\"]",
      "instances": [
        {
          "schema_version": 0,
          "attributes": {
            "id": "/subscriptions/37437a42-7457-4f20-a970-b90f7af8c1bd/resourceGroups/Terraform-Dev",
            "location": "centralus",
            "name": "Terraform-Dev",
            "tags": {
              "Environment": "Terraform Workspaces"
            },
            "timeouts": null
          },
          "sensitive_attributes": [],
          "private": "eyJlMmJmYjczMC1lY2FhLTExZTYtOGY4OC0zNDM2M2JjN2M0YzAiOnsiY3JlYXRlIjo1NDAwMDAwMDAwMDAwLCJkZWxldGUiOjU0MDAwMDAwMDAwMDAsInJlYWQiOjMwMDAwMDAwMDAwMCwidXBkYXRlIjo1NDAwMDAwMDAwMDAwfX0="
        }
      ]
    }
  ],
  "check_results": null
}
